// !$*UTF8*$!
{
	archiveVersion = 1;
	classes = {
	};
	objectVersion = 46;
	objects = {

/* Begin PBXBuildFile section */
		B095816615EB46B500A5A85E /* ReportViewController.m in Sources */ = {isa = PBXBuildFile; fileRef = B095816415EB46B500A5A85E /* ReportViewController.m */; };
		B095816715EB46B500A5A85E /* ReportViewController.xib in Resources */ = {isa = PBXBuildFile; fileRef = B095816515EB46B500A5A85E /* ReportViewController.xib */; };
		B095816E15EEEEEA00A5A85E /* WordListModel.m in Sources */ = {isa = PBXBuildFile; fileRef = B095816D15EEEEEA00A5A85E /* WordListModel.m */; };
		B095817315EEF46F00A5A85E /* SharedStore.m in Sources */ = {isa = PBXBuildFile; fileRef = B095817215EEF46F00A5A85E /* SharedStore.m */; };
		B095817915F3E1CC00A5A85E /* CountButton.m in Sources */ = {isa = PBXBuildFile; fileRef = B095817815F3E1CC00A5A85E /* CountButton.m */; };
		B09C693215E9251F00CF6560 /* UIKit.framework in Frameworks */ = {isa = PBXBuildFile; fileRef = B09C693115E9251F00CF6560 /* UIKit.framework */; };
		B09C693415E9251F00CF6560 /* Foundation.framework in Frameworks */ = {isa = PBXBuildFile; fileRef = B09C693315E9251F00CF6560 /* Foundation.framework */; };
		B09C693615E9251F00CF6560 /* CoreGraphics.framework in Frameworks */ = {isa = PBXBuildFile; fileRef = B09C693515E9251F00CF6560 /* CoreGraphics.framework */; };
		B09C693C15E9251F00CF6560 /* InfoPlist.strings in Resources */ = {isa = PBXBuildFile; fileRef = B09C693A15E9251F00CF6560 /* InfoPlist.strings */; };
		B09C693E15E9251F00CF6560 /* main.m in Sources */ = {isa = PBXBuildFile; fileRef = B09C693D15E9251F00CF6560 /* main.m */; };
		B09C694215E9251F00CF6560 /* AppDelegate.m in Sources */ = {isa = PBXBuildFile; fileRef = B09C694115E9251F00CF6560 /* AppDelegate.m */; };
		B09C694515E9251F00CF6560 /* ViewController.m in Sources */ = {isa = PBXBuildFile; fileRef = B09C694415E9251F00CF6560 /* ViewController.m */; };
		B09C694815E9251F00CF6560 /* ViewController.xib in Resources */ = {isa = PBXBuildFile; fileRef = B09C694615E9251F00CF6560 /* ViewController.xib */; };
		B09C695115E925EF00CF6560 /* WordListViewController.m in Sources */ = {isa = PBXBuildFile; fileRef = B09C694F15E925EF00CF6560 /* WordListViewController.m */; };
		B09C695215E925EF00CF6560 /* WordListViewController.xib in Resources */ = {isa = PBXBuildFile; fileRef = B09C695015E925EF00CF6560 /* WordListViewController.xib */; };
		B09C695615E9271800CF6560 /* WordCountViewController.m in Sources */ = {isa = PBXBuildFile; fileRef = B09C695415E9271800CF6560 /* WordCountViewController.m */; };
		B09C695715E9271800CF6560 /* WordCountViewController.xib in Resources */ = {isa = PBXBuildFile; fileRef = B09C695515E9271800CF6560 /* WordCountViewController.xib */; };
		B09C695F15E9284E00CF6560 /* Finish-and-Send-Button.png in Resources */ = {isa = PBXBuildFile; fileRef = B09C695915E9284E00CF6560 /* Finish-and-Send-Button.png */; };
		B09C696015E9284E00CF6560 /* Next-Button.png in Resources */ = {isa = PBXBuildFile; fileRef = B09C695A15E9284E00CF6560 /* Next-Button.png */; };
		B09C696115E9284E00CF6560 /* orangeButton.png in Resources */ = {isa = PBXBuildFile; fileRef = B09C695B15E9284E00CF6560 /* orangeButton.png */; };
		B09C696215E9284E00CF6560 /* topBar.png in Resources */ = {isa = PBXBuildFile; fileRef = B09C695C15E9284E00CF6560 /* topBar.png */; };
		B09C696315E9284E00CF6560 /* Word-Counter-Element-without-button.png in Resources */ = {isa = PBXBuildFile; fileRef = B09C695D15E9284E00CF6560 /* Word-Counter-Element-without-button.png */; };
		B09C696415E9284E00CF6560 /* Word-Counter-Element.png in Resources */ = {isa = PBXBuildFile; fileRef = B09C695E15E9284E00CF6560 /* Word-Counter-Element.png */; };
		EE8FC6F315E95510006D3897 /* cell_bg.png in Resources */ = {isa = PBXBuildFile; fileRef = EE8FC6E515E95510006D3897 /* cell_bg.png */; };
		EE8FC6F415E95510006D3897 /* cell_bg@2x.png in Resources */ = {isa = PBXBuildFile; fileRef = EE8FC6E615E95510006D3897 /* cell_bg@2x.png */; };
		EE8FC6F515E95510006D3897 /* characters.png in Resources */ = {isa = PBXBuildFile; fileRef = EE8FC6E715E95510006D3897 /* characters.png */; };
		EE8FC6F615E95510006D3897 /* characters@2x.png in Resources */ = {isa = PBXBuildFile; fileRef = EE8FC6E815E95510006D3897 /* characters@2x.png */; };
		EE8FC6F715E95510006D3897 /* default_star.png in Resources */ = {isa = PBXBuildFile; fileRef = EE8FC6E915E95510006D3897 /* default_star.png */; };
		EE8FC6F815E95510006D3897 /* default_star@2x.png in Resources */ = {isa = PBXBuildFile; fileRef = EE8FC6EA15E95510006D3897 /* default_star@2x.png */; };
		EE8FC6F915E95510006D3897 /* new_profile.png in Resources */ = {isa = PBXBuildFile; fileRef = EE8FC6EB15E95510006D3897 /* new_profile.png */; };
		EE8FC6FA15E95510006D3897 /* new_profile@2x.png in Resources */ = {isa = PBXBuildFile; fileRef = EE8FC6EC15E95510006D3897 /* new_profile@2x.png */; };
		EE8FC6FB15E95510006D3897 /* profile_bg.png in Resources */ = {isa = PBXBuildFile; fileRef = EE8FC6ED15E95510006D3897 /* profile_bg.png */; };
		EE8FC6FC15E95510006D3897 /* profile_bg@2x.png in Resources */ = {isa = PBXBuildFile; fileRef = EE8FC6EE15E95510006D3897 /* profile_bg@2x.png */; };
		EE8FC6FD15E95510006D3897 /* profileEdit.png in Resources */ = {isa = PBXBuildFile; fileRef = EE8FC6EF15E95510006D3897 /* profileEdit.png */; };
		EE8FC6FE15E95510006D3897 /* profileEdit@2x.png in Resources */ = {isa = PBXBuildFile; fileRef = EE8FC6F015E95510006D3897 /* profileEdit@2x.png */; };
		EE8FC6FF15E95510006D3897 /* top_bar_bg.png in Resources */ = {isa = PBXBuildFile; fileRef = EE8FC6F115E95510006D3897 /* top_bar_bg.png */; };
		EE8FC70015E95510006D3897 /* top_bar_bg@2x.png in Resources */ = {isa = PBXBuildFile; fileRef = EE8FC6F215E95510006D3897 /* top_bar_bg@2x.png */; };
/* End PBXBuildFile section */

/* Begin PBXFileReference section */
		B095816315EB46B500A5A85E /* ReportViewController.h */ = {isa = PBXFileReference; fileEncoding = 4; lastKnownFileType = sourcecode.c.h; path = ReportViewController.h; sourceTree = "<group>"; };
		B095816415EB46B500A5A85E /* ReportViewController.m */ = {isa = PBXFileReference; fileEncoding = 4; lastKnownFileType = sourcecode.c.objc; path = ReportViewController.m; sourceTree = "<group>"; };
		B095816515EB46B500A5A85E /* ReportViewController.xib */ = {isa = PBXFileReference; fileEncoding = 4; lastKnownFileType = file.xib; path = ReportViewController.xib; sourceTree = "<group>"; };
		B095816C15EEEEEA00A5A85E /* WordListModel.h */ = {isa = PBXFileReference; fileEncoding = 4; lastKnownFileType = sourcecode.c.h; path = WordListModel.h; sourceTree = "<group>"; };
		B095816D15EEEEEA00A5A85E /* WordListModel.m */ = {isa = PBXFileReference; fileEncoding = 4; lastKnownFileType = sourcecode.c.objc; path = WordListModel.m; sourceTree = "<group>"; };
		B095817115EEF46F00A5A85E /* SharedStore.h */ = {isa = PBXFileReference; fileEncoding = 4; lastKnownFileType = sourcecode.c.h; path = SharedStore.h; sourceTree = "<group>"; };
		B095817215EEF46F00A5A85E /* SharedStore.m */ = {isa = PBXFileReference; fileEncoding = 4; lastKnownFileType = sourcecode.c.objc; path = SharedStore.m; sourceTree = "<group>"; };
		B095817715F3E1CC00A5A85E /* CountButton.h */ = {isa = PBXFileReference; fileEncoding = 4; lastKnownFileType = sourcecode.c.h; path = CountButton.h; sourceTree = "<group>"; };
		B095817815F3E1CC00A5A85E /* CountButton.m */ = {isa = PBXFileReference; fileEncoding = 4; lastKnownFileType = sourcecode.c.objc; path = CountButton.m; sourceTree = "<group>"; };
		B09C692D15E9251F00CF6560 /* WordCountB1.app */ = {isa = PBXFileReference; explicitFileType = wrapper.application; includeInIndex = 0; path = WordCountB1.app; sourceTree = BUILT_PRODUCTS_DIR; };
		B09C693115E9251F00CF6560 /* UIKit.framework */ = {isa = PBXFileReference; lastKnownFileType = wrapper.framework; name = UIKit.framework; path = System/Library/Frameworks/UIKit.framework; sourceTree = SDKROOT; };
		B09C693315E9251F00CF6560 /* Foundation.framework */ = {isa = PBXFileReference; lastKnownFileType = wrapper.framework; name = Foundation.framework; path = System/Library/Frameworks/Foundation.framework; sourceTree = SDKROOT; };
		B09C693515E9251F00CF6560 /* CoreGraphics.framework */ = {isa = PBXFileReference; lastKnownFileType = wrapper.framework; name = CoreGraphics.framework; path = System/Library/Frameworks/CoreGraphics.framework; sourceTree = SDKROOT; };
		B09C693915E9251F00CF6560 /* WordCountB1-Info.plist */ = {isa = PBXFileReference; lastKnownFileType = text.plist.xml; path = "WordCountB1-Info.plist"; sourceTree = "<group>"; };
		B09C693B15E9251F00CF6560 /* en */ = {isa = PBXFileReference; lastKnownFileType = text.plist.strings; name = en; path = en.lproj/InfoPlist.strings; sourceTree = "<group>"; };
		B09C693D15E9251F00CF6560 /* main.m */ = {isa = PBXFileReference; lastKnownFileType = sourcecode.c.objc; path = main.m; sourceTree = "<group>"; };
		B09C693F15E9251F00CF6560 /* WordCountB1-Prefix.pch */ = {isa = PBXFileReference; lastKnownFileType = sourcecode.c.h; path = "WordCountB1-Prefix.pch"; sourceTree = "<group>"; };
		B09C694015E9251F00CF6560 /* AppDelegate.h */ = {isa = PBXFileReference; lastKnownFileType = sourcecode.c.h; path = AppDelegate.h; sourceTree = "<group>"; };
		B09C694115E9251F00CF6560 /* AppDelegate.m */ = {isa = PBXFileReference; lastKnownFileType = sourcecode.c.objc; path = AppDelegate.m; sourceTree = "<group>"; };
		B09C694315E9251F00CF6560 /* ViewController.h */ = {isa = PBXFileReference; lastKnownFileType = sourcecode.c.h; path = ViewController.h; sourceTree = "<group>"; };
		B09C694415E9251F00CF6560 /* ViewController.m */ = {isa = PBXFileReference; lastKnownFileType = sourcecode.c.objc; path = ViewController.m; sourceTree = "<group>"; };
		B09C694715E9251F00CF6560 /* en */ = {isa = PBXFileReference; lastKnownFileType = file.xib; name = en; path = en.lproj/ViewController.xib; sourceTree = "<group>"; };
		B09C694E15E925EF00CF6560 /* WordListViewController.h */ = {isa = PBXFileReference; fileEncoding = 4; lastKnownFileType = sourcecode.c.h; path = WordListViewController.h; sourceTree = "<group>"; };
		B09C694F15E925EF00CF6560 /* WordListViewController.m */ = {isa = PBXFileReference; fileEncoding = 4; lastKnownFileType = sourcecode.c.objc; path = WordListViewController.m; sourceTree = "<group>"; };
		B09C695015E925EF00CF6560 /* WordListViewController.xib */ = {isa = PBXFileReference; fileEncoding = 4; lastKnownFileType = file.xib; path = WordListViewController.xib; sourceTree = "<group>"; };
		B09C695315E9271800CF6560 /* WordCountViewController.h */ = {isa = PBXFileReference; fileEncoding = 4; lastKnownFileType = sourcecode.c.h; path = WordCountViewController.h; sourceTree = "<group>"; };
		B09C695415E9271800CF6560 /* WordCountViewController.m */ = {isa = PBXFileReference; fileEncoding = 4; lastKnownFileType = sourcecode.c.objc; path = WordCountViewController.m; sourceTree = "<group>"; };
		B09C695515E9271800CF6560 /* WordCountViewController.xib */ = {isa = PBXFileReference; fileEncoding = 4; lastKnownFileType = file.xib; path = WordCountViewController.xib; sourceTree = "<group>"; };
		B09C695915E9284E00CF6560 /* Finish-and-Send-Button.png */ = {isa = PBXFileReference; lastKnownFileType = image.png; path = "Finish-and-Send-Button.png"; sourceTree = "<group>"; };
		B09C695A15E9284E00CF6560 /* Next-Button.png */ = {isa = PBXFileReference; lastKnownFileType = image.png; path = "Next-Button.png"; sourceTree = "<group>"; };
		B09C695B15E9284E00CF6560 /* orangeButton.png */ = {isa = PBXFileReference; lastKnownFileType = image.png; path = orangeButton.png; sourceTree = "<group>"; };
		B09C695C15E9284E00CF6560 /* topBar.png */ = {isa = PBXFileReference; lastKnownFileType = image.png; path = topBar.png; sourceTree = "<group>"; };
		B09C695D15E9284E00CF6560 /* Word-Counter-Element-without-button.png */ = {isa = PBXFileReference; lastKnownFileType = image.png; path = "Word-Counter-Element-without-button.png"; sourceTree = "<group>"; };
		B09C695E15E9284E00CF6560 /* Word-Counter-Element.png */ = {isa = PBXFileReference; lastKnownFileType = image.png; path = "Word-Counter-Element.png"; sourceTree = "<group>"; };
		EE8FC6E515E95510006D3897 /* cell_bg.png */ = {isa = PBXFileReference; lastKnownFileType = image.png; path = cell_bg.png; sourceTree = "<group>"; };
		EE8FC6E615E95510006D3897 /* cell_bg@2x.png */ = {isa = PBXFileReference; lastKnownFileType = image.png; path = "cell_bg@2x.png"; sourceTree = "<group>"; };
		EE8FC6E715E95510006D3897 /* characters.png */ = {isa = PBXFileReference; lastKnownFileType = image.png; path = characters.png; sourceTree = "<group>"; };
		EE8FC6E815E95510006D3897 /* characters@2x.png */ = {isa = PBXFileReference; lastKnownFileType = image.png; path = "characters@2x.png"; sourceTree = "<group>"; };
		EE8FC6E915E95510006D3897 /* default_star.png */ = {isa = PBXFileReference; lastKnownFileType = image.png; path = default_star.png; sourceTree = "<group>"; };
		EE8FC6EA15E95510006D3897 /* default_star@2x.png */ = {isa = PBXFileReference; lastKnownFileType = image.png; path = "default_star@2x.png"; sourceTree = "<group>"; };
		EE8FC6EB15E95510006D3897 /* new_profile.png */ = {isa = PBXFileReference; lastKnownFileType = image.png; path = new_profile.png; sourceTree = "<group>"; };
		EE8FC6EC15E95510006D3897 /* new_profile@2x.png */ = {isa = PBXFileReference; lastKnownFileType = image.png; path = "new_profile@2x.png"; sourceTree = "<group>"; };
		EE8FC6ED15E95510006D3897 /* profile_bg.png */ = {isa = PBXFileReference; lastKnownFileType = image.png; path = profile_bg.png; sourceTree = "<group>"; };
		EE8FC6EE15E95510006D3897 /* profile_bg@2x.png */ = {isa = PBXFileReference; lastKnownFileType = image.png; path = "profile_bg@2x.png"; sourceTree = "<group>"; };
		EE8FC6EF15E95510006D3897 /* profileEdit.png */ = {isa = PBXFileReference; lastKnownFileType = image.png; path = profileEdit.png; sourceTree = "<group>"; };
		EE8FC6F015E95510006D3897 /* profileEdit@2x.png */ = {isa = PBXFileReference; lastKnownFileType = image.png; path = "profileEdit@2x.png"; sourceTree = "<group>"; };
		EE8FC6F115E95510006D3897 /* top_bar_bg.png */ = {isa = PBXFileReference; lastKnownFileType = image.png; path = top_bar_bg.png; sourceTree = "<group>"; };
		EE8FC6F215E95510006D3897 /* top_bar_bg@2x.png */ = {isa = PBXFileReference; lastKnownFileType = image.png; path = "top_bar_bg@2x.png"; sourceTree = "<group>"; };
/* End PBXFileReference section */

/* Begin PBXFrameworksBuildPhase section */
		B09C692A15E9251F00CF6560 /* Frameworks */ = {
			isa = PBXFrameworksBuildPhase;
			buildActionMask = 2147483647;
			files = (
				B09C693215E9251F00CF6560 /* UIKit.framework in Frameworks */,
				B09C693415E9251F00CF6560 /* Foundation.framework in Frameworks */,
				B09C693615E9251F00CF6560 /* CoreGraphics.framework in Frameworks */,
			);
			runOnlyForDeploymentPostprocessing = 0;
		};
/* End PBXFrameworksBuildPhase section */

/* Begin PBXGroup section */
		B095817015EEEF0900A5A85E /* Models */ = {
			isa = PBXGroup;
			children = (
				B095816C15EEEEEA00A5A85E /* WordListModel.h */,
				B095816D15EEEEEA00A5A85E /* WordListModel.m */,
				B095817115EEF46F00A5A85E /* SharedStore.h */,
				B095817215EEF46F00A5A85E /* SharedStore.m */,
			);
			name = Models;
			sourceTree = "<group>";
		};
		B09C692215E9251F00CF6560 = {
			isa = PBXGroup;
			children = (
				B09C693715E9251F00CF6560 /* WordCountB1 */,
				B09C693015E9251F00CF6560 /* Frameworks */,
				B09C692E15E9251F00CF6560 /* Products */,
			);
			sourceTree = "<group>";
		};
		B09C692E15E9251F00CF6560 /* Products */ = {
			isa = PBXGroup;
			children = (
				B09C692D15E9251F00CF6560 /* WordCountB1.app */,
			);
			name = Products;
			sourceTree = "<group>";
		};
		B09C693015E9251F00CF6560 /* Frameworks */ = {
			isa = PBXGroup;
			children = (
				B09C693115E9251F00CF6560 /* UIKit.framework */,
				B09C693315E9251F00CF6560 /* Foundation.framework */,
				B09C693515E9251F00CF6560 /* CoreGraphics.framework */,
			);
			name = Frameworks;
			sourceTree = "<group>";
		};
		B09C693715E9251F00CF6560 /* WordCountB1 */ = {
			isa = PBXGroup;
			children = (
				B095817015EEEF0900A5A85E /* Models */,
				B09C695815E9280800CF6560 /* Images */,
				B09C694015E9251F00CF6560 /* AppDelegate.h */,
				B09C694115E9251F00CF6560 /* AppDelegate.m */,
				B09C694315E9251F00CF6560 /* ViewController.h */,
				B09C694415E9251F00CF6560 /* ViewController.m */,
				B09C694615E9251F00CF6560 /* ViewController.xib */,
				B09C693815E9251F00CF6560 /* Supporting Files */,
				B09C694E15E925EF00CF6560 /* WordListViewController.h */,
				B09C694F15E925EF00CF6560 /* WordListViewController.m */,
				B09C695015E925EF00CF6560 /* WordListViewController.xib */,
				B09C695315E9271800CF6560 /* WordCountViewController.h */,
				B09C695415E9271800CF6560 /* WordCountViewController.m */,
				B09C695515E9271800CF6560 /* WordCountViewController.xib */,
				B095816315EB46B500A5A85E /* ReportViewController.h */,
				B095816415EB46B500A5A85E /* ReportViewController.m */,
				B095816515EB46B500A5A85E /* ReportViewController.xib */,
				B095817715F3E1CC00A5A85E /* CountButton.h */,
				B095817815F3E1CC00A5A85E /* CountButton.m */,
			);
			path = WordCountB1;
			sourceTree = "<group>";
		};
		B09C693815E9251F00CF6560 /* Supporting Files */ = {
			isa = PBXGroup;
			children = (
				B09C693915E9251F00CF6560 /* WordCountB1-Info.plist */,
				B09C693A15E9251F00CF6560 /* InfoPlist.strings */,
				B09C693D15E9251F00CF6560 /* main.m */,
				B09C693F15E9251F00CF6560 /* WordCountB1-Prefix.pch */,
			);
			name = "Supporting Files";
			sourceTree = "<group>";
		};
		B09C695815E9280800CF6560 /* Images */ = {
			isa = PBXGroup;
			children = (
				EE8FC6E515E95510006D3897 /* cell_bg.png */,
				EE8FC6E615E95510006D3897 /* cell_bg@2x.png */,
				EE8FC6E715E95510006D3897 /* characters.png */,
				EE8FC6E815E95510006D3897 /* characters@2x.png */,
				EE8FC6E915E95510006D3897 /* default_star.png */,
				EE8FC6EA15E95510006D3897 /* default_star@2x.png */,
				EE8FC6EB15E95510006D3897 /* new_profile.png */,
				EE8FC6EC15E95510006D3897 /* new_profile@2x.png */,
				EE8FC6ED15E95510006D3897 /* profile_bg.png */,
				EE8FC6EE15E95510006D3897 /* profile_bg@2x.png */,
				EE8FC6EF15E95510006D3897 /* profileEdit.png */,
				EE8FC6F015E95510006D3897 /* profileEdit@2x.png */,
				EE8FC6F115E95510006D3897 /* top_bar_bg.png */,
				EE8FC6F215E95510006D3897 /* top_bar_bg@2x.png */,
				B09C695915E9284E00CF6560 /* Finish-and-Send-Button.png */,
				B09C695A15E9284E00CF6560 /* Next-Button.png */,
				B09C695B15E9284E00CF6560 /* orangeButton.png */,
				B09C695C15E9284E00CF6560 /* topBar.png */,
				B09C695D15E9284E00CF6560 /* Word-Counter-Element-without-button.png */,
				B09C695E15E9284E00CF6560 /* Word-Counter-Element.png */,
			);
			name = Images;
			sourceTree = "<group>";
		};
/* End PBXGroup section */

/* Begin PBXNativeTarget section */
		B09C692C15E9251F00CF6560 /* WordCountB1 */ = {
			isa = PBXNativeTarget;
			buildConfigurationList = B09C694B15E9251F00CF6560 /* Build configuration list for PBXNativeTarget "WordCountB1" */;
			buildPhases = (
				B09C692915E9251F00CF6560 /* Sources */,
				B09C692A15E9251F00CF6560 /* Frameworks */,
				B09C692B15E9251F00CF6560 /* Resources */,
			);
			buildRules = (
			);
			dependencies = (
			);
			name = WordCountB1;
			productName = WordCountB1;
			productReference = B09C692D15E9251F00CF6560 /* WordCountB1.app */;
			productType = "com.apple.product-type.application";
		};
/* End PBXNativeTarget section */

/* Begin PBXProject section */
		B09C692415E9251F00CF6560 /* Project object */ = {
			isa = PBXProject;
			attributes = {
				LastUpgradeCheck = 0440;
				ORGANIZATIONNAME = abc;
			};
			buildConfigurationList = B09C692715E9251F00CF6560 /* Build configuration list for PBXProject "WordCountB1" */;
			compatibilityVersion = "Xcode 3.2";
			developmentRegion = English;
			hasScannedForEncodings = 0;
			knownRegions = (
				en,
			);
			mainGroup = B09C692215E9251F00CF6560;
			productRefGroup = B09C692E15E9251F00CF6560 /* Products */;
			projectDirPath = "";
			projectRoot = "";
			targets = (
				B09C692C15E9251F00CF6560 /* WordCountB1 */,
			);
		};
/* End PBXProject section */

/* Begin PBXResourcesBuildPhase section */
		B09C692B15E9251F00CF6560 /* Resources */ = {
			isa = PBXResourcesBuildPhase;
			buildActionMask = 2147483647;
			files = (
				B09C693C15E9251F00CF6560 /* InfoPlist.strings in Resources */,
				B09C694815E9251F00CF6560 /* ViewController.xib in Resources */,
				B09C695215E925EF00CF6560 /* WordListViewController.xib in Resources */,
				B09C695715E9271800CF6560 /* WordCountViewController.xib in Resources */,
				B09C695F15E9284E00CF6560 /* Finish-and-Send-Button.png in Resources */,
				B09C696015E9284E00CF6560 /* Next-Button.png in Resources */,
				B09C696115E9284E00CF6560 /* orangeButton.png in Resources */,
				B09C696215E9284E00CF6560 /* topBar.png in Resources */,
				B09C696315E9284E00CF6560 /* Word-Counter-Element-without-button.png in Resources */,
				B09C696415E9284E00CF6560 /* Word-Counter-Element.png in Resources */,
				EE8FC6F315E95510006D3897 /* cell_bg.png in Resources */,
				EE8FC6F415E95510006D3897 /* cell_bg@2x.png in Resources */,
				EE8FC6F515E95510006D3897 /* characters.png in Resources */,
				EE8FC6F615E95510006D3897 /* characters@2x.png in Resources */,
				EE8FC6F715E95510006D3897 /* default_star.png in Resources */,
				EE8FC6F815E95510006D3897 /* default_star@2x.png in Resources */,
				EE8FC6F915E95510006D3897 /* new_profile.png in Resources */,
				EE8FC6FA15E95510006D3897 /* new_profile@2x.png in Resources */,
				EE8FC6FB15E95510006D3897 /* profile_bg.png in Resources */,
				EE8FC6FC15E95510006D3897 /* profile_bg@2x.png in Resources */,
				EE8FC6FD15E95510006D3897 /* profileEdit.png in Resources */,
				EE8FC6FE15E95510006D3897 /* profileEdit@2x.png in Resources */,
				EE8FC6FF15E95510006D3897 /* top_bar_bg.png in Resources */,
				EE8FC70015E95510006D3897 /* top_bar_bg@2x.png in Resources */,
				B095816715EB46B500A5A85E /* ReportViewController.xib in Resources */,
			);
			runOnlyForDeploymentPostprocessing = 0;
		};
/* End PBXResourcesBuildPhase section */

/* Begin PBXSourcesBuildPhase section */
		B09C692915E9251F00CF6560 /* Sources */ = {
			isa = PBXSourcesBuildPhase;
			buildActionMask = 2147483647;
			files = (
				B09C693E15E9251F00CF6560 /* main.m in Sources */,
				B09C694215E9251F00CF6560 /* AppDelegate.m in Sources */,
				B09C694515E9251F00CF6560 /* ViewController.m in Sources */,
				B09C695115E925EF00CF6560 /* WordListViewController.m in Sources */,
				B09C695615E9271800CF6560 /* WordCountViewController.m in Sources */,
				B095816615EB46B500A5A85E /* ReportViewController.m in Sources */,
				B095816E15EEEEEA00A5A85E /* WordListModel.m in Sources */,
				B095817315EEF46F00A5A85E /* SharedStore.m in Sources */,
				B095817915F3E1CC00A5A85E /* CountButton.m in Sources */,
			);
			runOnlyForDeploymentPostprocessing = 0;
		};
/* End PBXSourcesBuildPhase section */

/* Begin PBXVariantGroup section */
		B09C693A15E9251F00CF6560 /* InfoPlist.strings */ = {
			isa = PBXVariantGroup;
			children = (
				B09C693B15E9251F00CF6560 /* en */,
			);
			name = InfoPlist.strings;
			sourceTree = "<group>";
		};
		B09C694615E9251F00CF6560 /* ViewController.xib */ = {
			isa = PBXVariantGroup;
			children = (
				B09C694715E9251F00CF6560 /* en */,
			);
			name = ViewController.xib;
			sourceTree = "<group>";
		};
/* End PBXVariantGroup section */

/* Begin XCBuildConfiguration section */
		B09C694915E9251F00CF6560 /* Debug */ = {
			isa = XCBuildConfiguration;
			buildSettings = {
				ALWAYS_SEARCH_USER_PATHS = NO;
				ARCHS = "$(ARCHS_STANDARD_32_BIT)";
				CLANG_CXX_LANGUAGE_STANDARD = "gnu++0x";
				CLANG_ENABLE_OBJC_ARC = YES;
				CLANG_WARN__DUPLICATE_METHOD_MATCH = YES;
				"CODE_SIGN_IDENTITY[sdk=iphoneos*]" = "iPhone Developer";
				COPY_PHASE_STRIP = NO;
				GCC_C_LANGUAGE_STANDARD = gnu99;
				GCC_DYNAMIC_NO_PIC = NO;
				GCC_OPTIMIZATION_LEVEL = 0;
				GCC_PREPROCESSOR_DEFINITIONS = (
					"DEBUG=1",
					"$(inherited)",
				);
				GCC_SYMBOLS_PRIVATE_EXTERN = NO;
				GCC_VERSION = com.apple.compilers.llvm.clang.1_0;
				GCC_WARN_ABOUT_RETURN_TYPE = YES;
				GCC_WARN_UNINITIALIZED_AUTOS = YES;
				GCC_WARN_UNUSED_VARIABLE = YES;
				IPHONEOS_DEPLOYMENT_TARGET = 5.1;
				SDKROOT = iphoneos;
			};
			name = Debug;
		};
		B09C694A15E9251F00CF6560 /* Release */ = {
			isa = XCBuildConfiguration;
			buildSettings = {
				ALWAYS_SEARCH_USER_PATHS = NO;
				ARCHS = "$(ARCHS_STANDARD_32_BIT)";
				CLANG_CXX_LANGUAGE_STANDARD = "gnu++0x";
				CLANG_ENABLE_OBJC_ARC = YES;
				CLANG_WARN__DUPLICATE_METHOD_MATCH = YES;
				"CODE_SIGN_IDENTITY[sdk=iphoneos*]" = "iPhone Developer";
				COPY_PHASE_STRIP = YES;
				GCC_C_LANGUAGE_STANDARD = gnu99;
				GCC_VERSION = com.apple.compilers.llvm.clang.1_0;
				GCC_WARN_ABOUT_RETURN_TYPE = YES;
				GCC_WARN_UNINITIALIZED_AUTOS = YES;
				GCC_WARN_UNUSED_VARIABLE = YES;
				IPHONEOS_DEPLOYMENT_TARGET = 5.1;
				OTHER_CFLAGS = "-DNS_BLOCK_ASSERTIONS=1";
				SDKROOT = iphoneos;
				VALIDATE_PRODUCT = YES;
			};
			name = Release;
		};
		B09C694C15E9251F00CF6560 /* Debug */ = {
			isa = XCBuildConfiguration;
			buildSettings = {
				GCC_PRECOMPILE_PREFIX_HEADER = YES;
				GCC_PREFIX_HEADER = "WordCountB1/WordCountB1-Prefix.pch";
				INFOPLIST_FILE = "WordCountB1/WordCountB1-Info.plist";
				PRODUCT_NAME = "$(TARGET_NAME)";
				WRAPPER_EXTENSION = app;
			};
			name = Debug;
		};
		B09C694D15E9251F00CF6560 /* Release */ = {
			isa = XCBuildConfiguration;
			buildSettings = {
				GCC_PRECOMPILE_PREFIX_HEADER = YES;
				GCC_PREFIX_HEADER = "WordCountB1/WordCountB1-Prefix.pch";
				INFOPLIST_FILE = "WordCountB1/WordCountB1-Info.plist";
				PRODUCT_NAME = "$(TARGET_NAME)";
				WRAPPER_EXTENSION = app;
			};
			name = Release;
		};
/* End XCBuildConfiguration section */

/* Begin XCConfigurationList section */
		B09C692715E9251F00CF6560 /* Build configuration list for PBXProject "WordCountB1" */ = {
			isa = XCConfigurationList;
			buildConfigurations = (
				B09C694915E9251F00CF6560 /* Debug */,
				B09C694A15E9251F00CF6560 /* Release */,
			);
			defaultConfigurationIsVisible = 0;
			defaultConfigurationName = Release;
		};
		B09C694B15E9251F00CF6560 /* Build configuration list for PBXNativeTarget "WordCountB1" */ = {
			isa = XCConfigurationList;
			buildConfigurations = (
				B09C694C15E9251F00CF6560 /* Debug */,
				B09C694D15E9251F00CF6560 /* Release */,
			);
			defaultConfigurationIsVisible = 0;
			defaultConfigurationName = Release;
		};
/* End XCConfigurationList section */
	};
	rootObject = B09C692415E9251F00CF6560 /* Project object */;
}
